
Microsoft Visual Studio Solution File, Format Version 11.00
# Visual Studio 2010
Project("{FAE04EC0-301F-11D3-BF4B-00C04F79EFBC}") = "UP180126(2D)", "Assembly-CSharp.csproj", "{52EABE4F-5A39-08C5-BB06-333805412C17}"
EndProject
Global
	GlobalSection(SolutionConfigurationPlatforms) = preSolution
		Debug|Any CPU = Debug|Any CPU
		Release|Any CPU = Release|Any CPU
	EndGlobalSection
	GlobalSection(ProjectConfigurationPlatforms) = postSolution
		{52EABE4F-5A39-08C5-BB06-333805412C17}.Debug|Any CPU.ActiveCfg = Debug|Any CPU
		{52EABE4F-5A39-08C5-BB06-333805412C17}.Debug|Any CPU.Build.0 = Debug|Any CPU
		{52EABE4F-5A39-08C5-BB06-333805412C17}.Release|Any CPU.ActiveCfg = Release|Any CPU
		{52EABE4F-5A39-08C5-BB06-333805412C17}.Release|Any CPU.Build.0 = Release|Any CPU
	EndGlobalSection
	GlobalSection(SolutionProperties) = preSolution
		HideSolutionNode = FALSE
	EndGlobalSection
	GlobalSection(MonoDevelopProperties) = preSolution
		StartupItem = Assembly-CSharp.csproj
	EndGlobalSection
EndGlobal
